// !$*UTF8*$!
{
	archiveVersion = 1;
	classes = {
	};
	objectVersion = 46;
	objects = {

/* Begin PBXBuildFile section */
		F44F257026006D9300E01990 /* TableViewCell.swift in Sources */ = {isa = PBXBuildFile; fileRef = F44F256E26006D9300E01990 /* TableViewCell.swift */; };
		F44F257126006D9300E01990 /* TableViewCell.xib in Resources */ = {isa = PBXBuildFile; fileRef = F44F256F26006D9300E01990 /* TableViewCell.xib */; };
		F49B93FD25FB739A00F51571 /* AppDelegate.swift in Sources */ = {isa = PBXBuildFile; fileRef = F49B93FC25FB739A00F51571 /* AppDelegate.swift */; };
		F49B93FF25FB739A00F51571 /* ViewController.swift in Sources */ = {isa = PBXBuildFile; fileRef = F49B93FE25FB739A00F51571 /* ViewController.swift */; };
		F49B940225FB739A00F51571 /* Main.storyboard in Resources */ = {isa = PBXBuildFile; fileRef = F49B940025FB739A00F51571 /* Main.storyboard */; };
		F49B940425FB739A00F51571 /* Assets.xcassets in Resources */ = {isa = PBXBuildFile; fileRef = F49B940325FB739A00F51571 /* Assets.xcassets */; };
		F49B940725FB739A00F51571 /* LaunchScreen.storyboard in Resources */ = {isa = PBXBuildFile; fileRef = F49B940525FB739A00F51571 /* LaunchScreen.storyboard */; };
/* End PBXBuildFile section */

/* Begin PBXFileReference section */
		F44F256E26006D9300E01990 /* TableViewCell.swift */ = {isa = PBXFileReference; fileEncoding = 4; lastKnownFileType = sourcecode.swift; path = TableViewCell.swift; sourceTree = "<group>"; };
		F44F256F26006D9300E01990 /* TableViewCell.xib */ = {isa = PBXFileReference; fileEncoding = 4; lastKnownFileType = file.xib; path = TableViewCell.xib; sourceTree = "<group>"; };
		F49B93F925FB739A00F51571 /* UserInterface.app */ = {isa = PBXFileReference; explicitFileType = wrapper.application; includeInIndex = 0; path = UserInterface.app; sourceTree = BUILT_PRODUCTS_DIR; };
		F49B93FC25FB739A00F51571 /* AppDelegate.swift */ = {isa = PBXFileReference; lastKnownFileType = sourcecode.swift; path = AppDelegate.swift; sourceTree = "<group>"; };
		F49B93FE25FB739A00F51571 /* ViewController.swift */ = {isa = PBXFileReference; lastKnownFileType = sourcecode.swift; path = ViewController.swift; sourceTree = "<group>"; };
		F49B940125FB739A00F51571 /* Base */ = {isa = PBXFileReference; lastKnownFileType = file.storyboard; name = Base; path = Base.lproj/Main.storyboard; sourceTree = "<group>"; };
		F49B940325FB739A00F51571 /* Assets.xcassets */ = {isa = PBXFileReference; lastKnownFileType = folder.assetcatalog; path = Assets.xcassets; sourceTree = "<group>"; };
		F49B940625FB739A00F51571 /* Base */ = {isa = PBXFileReference; lastKnownFileType = file.storyboard; name = Base; path = Base.lproj/LaunchScreen.storyboard; sourceTree = "<group>"; };
		F49B940825FB739A00F51571 /* Info.plist */ = {isa = PBXFileReference; lastKnownFileType = text.plist.xml; path = Info.plist; sourceTree = "<group>"; };
/* End PBXFileReference section */

/* Begin PBXFrameworksBuildPhase section */
		F49B93F625FB739A00F51571 /* Frameworks */ = {
			isa = PBXFrameworksBuildPhase;
			buildActionMask = 2147483647;
			files = (
			);
			runOnlyForDeploymentPostprocessing = 0;
		};
/* End PBXFrameworksBuildPhase section */

/* Begin PBXGroup section */
		F49B93F025FB739A00F51571 = {
			isa = PBXGroup;
			children = (
				F49B93FB25FB739A00F51571 /* UserInterface */,
				F49B93FA25FB739A00F51571 /* Products */,
			);
			sourceTree = "<group>";
		};
		F49B93FA25FB739A00F51571 /* Products */ = {
			isa = PBXGroup;
			children = (
				F49B93F925FB739A00F51571 /* UserInterface.app */,
			);
			name = Products;
			sourceTree = "<group>";
		};
		F49B93FB25FB739A00F51571 /* UserInterface */ = {
			isa = PBXGroup;
			children = (
				F49B93FC25FB739A00F51571 /* AppDelegate.swift */,
				F49B93FE25FB739A00F51571 /* ViewController.swift */,
				F44F256E26006D9300E01990 /* TableViewCell.swift */,
				F44F256F26006D9300E01990 /* TableViewCell.xib */,
				F49B940025FB739A00F51571 /* Main.storyboard */,
				F49B940325FB739A00F51571 /* Assets.xcassets */,
				F49B940525FB739A00F51571 /* LaunchScreen.storyboard */,
				F49B940825FB739A00F51571 /* Info.plist */,
			);
			path = UserInterface;
			sourceTree = "<group>";
		};
/* End PBXGroup section */

/* Begin PBXNativeTarget section */
		F49B93F825FB739A00F51571 /* UserInterface */ = {
			isa = PBXNativeTarget;
			buildConfigurationList = F49B940B25FB739A00F51571 /* Build configuration list for PBXNativeTarget "UserInterface" */;
			buildPhases = (
				F49B93F525FB739A00F51571 /* Sources */,
				F49B93F625FB739A00F51571 /* Frameworks */,
				F49B93F725FB739A00F51571 /* Resources */,
			);
			buildRules = (
			);
			dependencies = (
			);
			name = UserInterface;
			productName = UserInterface;
			productReference = F49B93F925FB739A00F51571 /* UserInterface.app */;
			productType = "com.apple.product-type.application";
		};
/* End PBXNativeTarget section */

/* Begin PBXProject section */
		F49B93F125FB739A00F51571 /* Project object */ = {
			isa = PBXProject;
			attributes = {
				LastSwiftUpdateCheck = 0820;
				LastUpgradeCheck = 0820;
				ORGANIZATIONNAME = "Arun Muthukumar";
				TargetAttributes = {
					F49B93F825FB739A00F51571 = {
						CreatedOnToolsVersion = 8.2;
						ProvisioningStyle = Automatic;
					};
				};
			};
			buildConfigurationList = F49B93F425FB739A00F51571 /* Build configuration list for PBXProject "UserInterface" */;
			compatibilityVersion = "Xcode 3.2";
			developmentRegion = English;
			hasScannedForEncodings = 0;
			knownRegions = (
				en,
				Base,
			);
			mainGroup = F49B93F025FB739A00F51571;
			productRefGroup = F49B93FA25FB739A00F51571 /* Products */;
			projectDirPath = "";
			projectRoot = "";
			targets = (
				F49B93F825FB739A00F51571 /* UserInterface */,
			);
		};
/* End PBXProject section */

/* Begin PBXResourcesBuildPhase section */
		F49B93F725FB739A00F51571 /* Resources */ = {
			isa = PBXResourcesBuildPhase;
			buildActionMask = 2147483647;
			files = (
				F49B940725FB739A00F51571 /* LaunchScreen.storyboard in Resources */,
				F44F257126006D9300E01990 /* TableViewCell.xib in Resources */,
				F49B940425FB739A00F51571 /* Assets.xcassets in Resources */,
				F49B940225FB739A00F51571 /* Main.storyboard in Resources */,
			);
			runOnlyForDeploymentPostprocessing = 0;
		};
/* End PBXResourcesBuildPhase section */

/* Begin PBXSourcesBuildPhase section */
		F49B93F525FB739A00F51571 /* Sources */ = {
			isa = PBXSourcesBuildPhase;
			buildActionMask = 2147483647;
			files = (
				F44F257026006D9300E01990 /* TableViewCell.swift in Sources */,
				F49B93FF25FB739A00F51571 /* ViewController.swift in Sources */,
				F49B93FD25FB739A00F51571 /* AppDelegate.swift in Sources */,
			);
			runOnlyForDeploymentPostprocessing = 0;
		};
/* End PBXSourcesBuildPhase section */

/* Begin PBXVariantGroup section */
		F49B940025FB739A00F51571 /* Main.storyboard */ = {
			isa = PBXVariantGroup;
			children = (
				F49B940125FB739A00F51571 /* Base */,
			);
			name = Main.storyboard;
			sourceTree = "<group>";
		};
		F49B940525FB739A00F51571 /* LaunchScreen.storyboard */ = {
			isa = PBXVariantGroup;
			children = (
				F49B940625FB739A00F51571 /* Base */,
			);
			name = LaunchScreen.storyboard;
			sourceTree = "<group>";
		};
/* End PBXVariantGroup section */

/* Begin XCBuildConfiguration section */
		F49B940925FB739A00F51571 /* Debug */ = {
			isa = XCBuildConfiguration;
			buildSettings = {
				ALWAYS_SEARCH_USER_PATHS = NO;
				CLANG_ANALYZER_NONNULL = YES;
				CLANG_CXX_LANGUAGE_STANDARD = "gnu++0x";
				CLANG_CXX_LIBRARY = "libc++";
				CLANG_ENABLE_MODULES = YES;
				CLANG_ENABLE_OBJC_ARC = YES;
				CLANG_WARN_BOOL_CONVERSION = YES;
				CLANG_WARN_CONSTANT_CONVERSION = YES;
				CLANG_WARN_DIRECT_OBJC_ISA_USAGE = YES_ERROR;
				CLANG_WARN_DOCUMENTATION_COMMENTS = YES;
				CLANG_WARN_EMPTY_BODY = YES;
				CLANG_WARN_ENUM_CONVERSION = YES;
				CLANG_WARN_INFINITE_RECURSION = YES;
				CLANG_WARN_INT_CONVERSION = YES;
				CLANG_WARN_OBJC_ROOT_CLASS = YES_ERROR;
				CLANG_WARN_SUSPICIOUS_MOVE = YES;
				CLANG_WARN_UNREACHABLE_CODE = YES;
				CLANG_WARN__DUPLICATE_METHOD_MATCH = YES;
				"CODE_SIGN_IDENTITY[sdk=iphoneos*]" = "iPhone Developer";
				COPY_PHASE_STRIP = NO;
				DEBUG_INFORMATION_FORMAT = dwarf;
				ENABLE_STRICT_OBJC_MSGSEND = YES;
				ENABLE_TESTABILITY = YES;
				GCC_C_LANGUAGE_STANDARD = gnu99;
				GCC_DYNAMIC_NO_PIC = NO;
				GCC_NO_COMMON_BLOCKS = YES;
				GCC_OPTIMIZATION_LEVEL = 0;
				GCC_PREPROCESSOR_DEFINITIONS = (
					"DEBUG=1",
					"$(inherited)",
				);
				GCC_WARN_64_TO_32_BIT_CONVERSION = YES;
				GCC_WARN_ABOUT_RETURN_TYPE = YES_ERROR;
				GCC_WARN_UNDECLARED_SELECTOR = YES;
				GCC_WARN_UNINITIALIZED_AUTOS = YES_AGGRESSIVE;
				GCC_WARN_UNUSED_FUNCTION = YES;
				GCC_WARN_UNUSED_VARIABLE = YES;
				IPHONEOS_DEPLOYMENT_TARGET = 10.2;
				MTL_ENABLE_DEBUG_INFO = YES;
				ONLY_ACTIVE_ARCH = YES;
				SDKROOT = iphoneos;
				SWIFT_ACTIVE_COMPILATION_CONDITIONS = DEBUG;
				SWIFT_OPTIMIZATION_LEVEL = "-Onone";
				TARGETED_DEVICE_FAMILY = "1,2";
			};
			name = Debug;
		};
		F49B940A25FB739A00F51571 /* Release */ = {
			isa = XCBuildConfiguration;
			buildSettings = {
				ALWAYS_SEARCH_USER_PATHS = NO;
				CLANG_ANALYZER_NONNULL = YES;
				CLANG_CXX_LANGUAGE_STANDARD = "gnu++0x";
				CLANG_CXX_LIBRARY = "libc++";
				CLANG_ENABLE_MODULES = YES;
				CLANG_ENABLE_OBJC_ARC = YES;
				CLANG_WARN_BOOL_CONVERSION = YES;
				CLANG_WARN_CONSTANT_CONVERSION = YES;
				CLANG_WARN_DIRECT_OBJC_ISA_USAGE = YES_ERROR;
				CLANG_WARN_DOCUMENTATION_COMMENTS = YES;
				CLANG_WARN_EMPTY_BODY = YES;
				CLANG_WARN_ENUM_CONVERSION = YES;
				CLANG_WARN_INFINITE_RECURSION = YES;
				CLANG_WARN_INT_CONVERSION = YES;
				CLANG_WARN_OBJC_ROOT_CLASS = YES_ERROR;
				CLANG_WARN_SUSPICIOUS_MOVE = YES;
				CLANG_WARN_UNREACHABLE_CODE = YES;
				CLANG_WARN__DUPLICATE_METHOD_MATCH = YES;
				"CODE_SIGN_IDENTITY[sdk=iphoneos*]" = "iPhone Developer";
				COPY_PHASE_STRIP = NO;
				DEBUG_INFORMATION_FORMAT = "dwarf-with-dsym";
				ENABLE_NS_ASSERTIONS = NO;
				ENABLE_STRICT_OBJC_MSGSEND = YES;
				GCC_C_LANGUAGE_STANDARD = gnu99;
				GCC_NO_COMMON_BLOCKS = YES;
				GCC_WARN_64_TO_32_BIT_CONVERSION = YES;
				GCC_WARN_ABOUT_RETURN_TYPE = YES_ERROR;
				GCC_WARN_UNDECLARED_SELECTOR = YES;
				GCC_WARN_UNINITIALIZED_AUTOS = YES_AGGRESSIVE;
				GCC_WARN_UNUSED_FUNCTION = YES;
				GCC_WARN_UNUSED_VARIABLE = YES;
				IPHONEOS_DEPLOYMENT_TARGET = 10.2;
				MTL_ENABLE_DEBUG_INFO = NO;
				SDKROOT = iphoneos;
				SWIFT_OPTIMIZATION_LEVEL = "-Owholemodule";
				TARGETED_DEVICE_FAMILY = "1,2";
				VALIDATE_PRODUCT = YES;
			};
			name = Release;
		};
		F49B940C25FB739A00F51571 /* Debug */ = {
			isa = XCBuildConfiguration;
			buildSettings = {
				ASSETCATALOG_COMPILER_APPICON_NAME = AppIcon;
				INFOPLIST_FILE = UserInterface/Info.plist;
				LD_RUNPATH_SEARCH_PATHS = "$(inherited) @executable_path/Frameworks";
				PRODUCT_BUNDLE_IDENTIFIER = abc.UserInterface;
				PRODUCT_NAME = "$(TARGET_NAME)";
				SWIFT_VERSION = 3.0;
			};
			name = Debug;
		};
		F49B940D25FB739A00F51571 /* Release */ = {
			isa = XCBuildConfiguration;
			buildSettings = {
				ASSETCATALOG_COMPILER_APPICON_NAME = AppIcon;
				INFOPLIST_FILE = UserInterface/Info.plist;
				LD_RUNPATH_SEARCH_PATHS = "$(inherited) @executable_path/Frameworks";
				PRODUCT_BUNDLE_IDENTIFIER = abc.UserInterface;
				PRODUCT_NAME = "$(TARGET_NAME)";
				SWIFT_VERSION = 3.0;
			};
			name = Release;
		};
/* End XCBuildConfiguration section */

/* Begin XCConfigurationList section */
		F49B93F425FB739A00F51571 /* Build configuration list for PBXProject "UserInterface" */ = {
			isa = XCConfigurationList;
			buildConfigurations = (
				F49B940925FB739A00F51571 /* Debug */,
				F49B940A25FB739A00F51571 /* Release */,
			);
			defaultConfigurationIsVisible = 0;
			defaultConfigurationName = Release;
		};
		F49B940B25FB739A00F51571 /* Build configuration list for PBXNativeTarget "UserInterface" */ = {
			isa = XCConfigurationList;
			buildConfigurations = (
				F49B940C25FB739A00F51571 /* Debug */,
				F49B940D25FB739A00F51571 /* Release */,
			);
			defaultConfigurationIsVisible = 0;
			defaultConfigurationName = Release;
		};
/* End XCConfigurationList section */
	};
	rootObject = F49B93F125FB739A00F51571 /* Project object */;
}
