// !$*UTF8*$!
{
	archiveVersion = 1;
	classes = {
	};
	objectVersion = 46;
	objects = {

/* Begin PBXBuildFile section */
		F429C90725FA03BE002D456C /* AppDelegate.swift in Sources */ = {isa = PBXBuildFile; fileRef = F429C90625FA03BE002D456C /* AppDelegate.swift */; };
		F429C90925FA03BE002D456C /* ViewController.swift in Sources */ = {isa = PBXBuildFile; fileRef = F429C90825FA03BE002D456C /* ViewController.swift */; };
		F429C90C25FA03BE002D456C /* Main.storyboard in Resources */ = {isa = PBXBuildFile; fileRef = F429C90A25FA03BE002D456C /* Main.storyboard */; };
		F429C90E25FA03BE002D456C /* Assets.xcassets in Resources */ = {isa = PBXBuildFile; fileRef = F429C90D25FA03BE002D456C /* Assets.xcassets */; };
		F429C91125FA03BE002D456C /* LaunchScreen.storyboard in Resources */ = {isa = PBXBuildFile; fileRef = F429C90F25FA03BE002D456C /* LaunchScreen.storyboard */; };
/* End PBXBuildFile section */

/* Begin PBXFileReference section */
		F429C90325FA03BE002D456C /* tabbarProgramatically.app */ = {isa = PBXFileReference; explicitFileType = wrapper.application; includeInIndex = 0; path = tabbarProgramatically.app; sourceTree = BUILT_PRODUCTS_DIR; };
		F429C90625FA03BE002D456C /* AppDelegate.swift */ = {isa = PBXFileReference; lastKnownFileType = sourcecode.swift; path = AppDelegate.swift; sourceTree = "<group>"; };
		F429C90825FA03BE002D456C /* ViewController.swift */ = {isa = PBXFileReference; lastKnownFileType = sourcecode.swift; path = ViewController.swift; sourceTree = "<group>"; };
		F429C90B25FA03BE002D456C /* Base */ = {isa = PBXFileReference; lastKnownFileType = file.storyboard; name = Base; path = Base.lproj/Main.storyboard; sourceTree = "<group>"; };
		F429C90D25FA03BE002D456C /* Assets.xcassets */ = {isa = PBXFileReference; lastKnownFileType = folder.assetcatalog; path = Assets.xcassets; sourceTree = "<group>"; };
		F429C91025FA03BE002D456C /* Base */ = {isa = PBXFileReference; lastKnownFileType = file.storyboard; name = Base; path = Base.lproj/LaunchScreen.storyboard; sourceTree = "<group>"; };
		F429C91225FA03BE002D456C /* Info.plist */ = {isa = PBXFileReference; lastKnownFileType = text.plist.xml; path = Info.plist; sourceTree = "<group>"; };
/* End PBXFileReference section */

/* Begin PBXFrameworksBuildPhase section */
		F429C90025FA03BE002D456C /* Frameworks */ = {
			isa = PBXFrameworksBuildPhase;
			buildActionMask = 2147483647;
			files = (
			);
			runOnlyForDeploymentPostprocessing = 0;
		};
/* End PBXFrameworksBuildPhase section */

/* Begin PBXGroup section */
		F429C8FA25FA03BE002D456C = {
			isa = PBXGroup;
			children = (
				F429C90525FA03BE002D456C /* tabbarProgramatically */,
				F429C90425FA03BE002D456C /* Products */,
			);
			sourceTree = "<group>";
		};
		F429C90425FA03BE002D456C /* Products */ = {
			isa = PBXGroup;
			children = (
				F429C90325FA03BE002D456C /* tabbarProgramatically.app */,
			);
			name = Products;
			sourceTree = "<group>";
		};
		F429C90525FA03BE002D456C /* tabbarProgramatically */ = {
			isa = PBXGroup;
			children = (
				F429C90625FA03BE002D456C /* AppDelegate.swift */,
				F429C90825FA03BE002D456C /* ViewController.swift */,
				F429C90A25FA03BE002D456C /* Main.storyboard */,
				F429C90D25FA03BE002D456C /* Assets.xcassets */,
				F429C90F25FA03BE002D456C /* LaunchScreen.storyboard */,
				F429C91225FA03BE002D456C /* Info.plist */,
			);
			path = tabbarProgramatically;
			sourceTree = "<group>";
		};
/* End PBXGroup section */

/* Begin PBXNativeTarget section */
		F429C90225FA03BE002D456C /* tabbarProgramatically */ = {
			isa = PBXNativeTarget;
			buildConfigurationList = F429C91525FA03BE002D456C /* Build configuration list for PBXNativeTarget "tabbarProgramatically" */;
			buildPhases = (
				F429C8FF25FA03BE002D456C /* Sources */,
				F429C90025FA03BE002D456C /* Frameworks */,
				F429C90125FA03BE002D456C /* Resources */,
			);
			buildRules = (
			);
			dependencies = (
			);
			name = tabbarProgramatically;
			productName = tabbarProgramatically;
			productReference = F429C90325FA03BE002D456C /* tabbarProgramatically.app */;
			productType = "com.apple.product-type.application";
		};
/* End PBXNativeTarget section */

/* Begin PBXProject section */
		F429C8FB25FA03BE002D456C /* Project object */ = {
			isa = PBXProject;
			attributes = {
				LastSwiftUpdateCheck = 0820;
				LastUpgradeCheck = 0820;
				ORGANIZATIONNAME = "Arun Muthukumar";
				TargetAttributes = {
					F429C90225FA03BE002D456C = {
						CreatedOnToolsVersion = 8.2;
						ProvisioningStyle = Automatic;
					};
				};
			};
			buildConfigurationList = F429C8FE25FA03BE002D456C /* Build configuration list for PBXProject "tabbarProgramatically" */;
			compatibilityVersion = "Xcode 3.2";
			developmentRegion = English;
			hasScannedForEncodings = 0;
			knownRegions = (
				en,
				Base,
			);
			mainGroup = F429C8FA25FA03BE002D456C;
			productRefGroup = F429C90425FA03BE002D456C /* Products */;
			projectDirPath = "";
			projectRoot = "";
			targets = (
				F429C90225FA03BE002D456C /* tabbarProgramatically */,
			);
		};
/* End PBXProject section */

/* Begin PBXResourcesBuildPhase section */
		F429C90125FA03BE002D456C /* Resources */ = {
			isa = PBXResourcesBuildPhase;
			buildActionMask = 2147483647;
			files = (
				F429C91125FA03BE002D456C /* LaunchScreen.storyboard in Resources */,
				F429C90E25FA03BE002D456C /* Assets.xcassets in Resources */,
				F429C90C25FA03BE002D456C /* Main.storyboard in Resources */,
			);
			runOnlyForDeploymentPostprocessing = 0;
		};
/* End PBXResourcesBuildPhase section */

/* Begin PBXSourcesBuildPhase section */
		F429C8FF25FA03BE002D456C /* Sources */ = {
			isa = PBXSourcesBuildPhase;
			buildActionMask = 2147483647;
			files = (
				F429C90925FA03BE002D456C /* ViewController.swift in Sources */,
				F429C90725FA03BE002D456C /* AppDelegate.swift in Sources */,
			);
			runOnlyForDeploymentPostprocessing = 0;
		};
/* End PBXSourcesBuildPhase section */

/* Begin PBXVariantGroup section */
		F429C90A25FA03BE002D456C /* Main.storyboard */ = {
			isa = PBXVariantGroup;
			children = (
				F429C90B25FA03BE002D456C /* Base */,
			);
			name = Main.storyboard;
			sourceTree = "<group>";
		};
		F429C90F25FA03BE002D456C /* LaunchScreen.storyboard */ = {
			isa = PBXVariantGroup;
			children = (
				F429C91025FA03BE002D456C /* Base */,
			);
			name = LaunchScreen.storyboard;
			sourceTree = "<group>";
		};
/* End PBXVariantGroup section */

/* Begin XCBuildConfiguration section */
		F429C91325FA03BE002D456C /* Debug */ = {
			isa = XCBuildConfiguration;
			buildSettings = {
				ALWAYS_SEARCH_USER_PATHS = NO;
				CLANG_ANALYZER_NONNULL = YES;
				CLANG_CXX_LANGUAGE_STANDARD = "gnu++0x";
				CLANG_CXX_LIBRARY = "libc++";
				CLANG_ENABLE_MODULES = YES;
				CLANG_ENABLE_OBJC_ARC = YES;
				CLANG_WARN_BOOL_CONVERSION = YES;
				CLANG_WARN_CONSTANT_CONVERSION = YES;
				CLANG_WARN_DIRECT_OBJC_ISA_USAGE = YES_ERROR;
				CLANG_WARN_DOCUMENTATION_COMMENTS = YES;
				CLANG_WARN_EMPTY_BODY = YES;
				CLANG_WARN_ENUM_CONVERSION = YES;
				CLANG_WARN_INFINITE_RECURSION = YES;
				CLANG_WARN_INT_CONVERSION = YES;
				CLANG_WARN_OBJC_ROOT_CLASS = YES_ERROR;
				CLANG_WARN_SUSPICIOUS_MOVE = YES;
				CLANG_WARN_UNREACHABLE_CODE = YES;
				CLANG_WARN__DUPLICATE_METHOD_MATCH = YES;
				"CODE_SIGN_IDENTITY[sdk=iphoneos*]" = "iPhone Developer";
				COPY_PHASE_STRIP = NO;
				DEBUG_INFORMATION_FORMAT = dwarf;
				ENABLE_STRICT_OBJC_MSGSEND = YES;
				ENABLE_TESTABILITY = YES;
				GCC_C_LANGUAGE_STANDARD = gnu99;
				GCC_DYNAMIC_NO_PIC = NO;
				GCC_NO_COMMON_BLOCKS = YES;
				GCC_OPTIMIZATION_LEVEL = 0;
				GCC_PREPROCESSOR_DEFINITIONS = (
					"DEBUG=1",
					"$(inherited)",
				);
				GCC_WARN_64_TO_32_BIT_CONVERSION = YES;
				GCC_WARN_ABOUT_RETURN_TYPE = YES_ERROR;
				GCC_WARN_UNDECLARED_SELECTOR = YES;
				GCC_WARN_UNINITIALIZED_AUTOS = YES_AGGRESSIVE;
				GCC_WARN_UNUSED_FUNCTION = YES;
				GCC_WARN_UNUSED_VARIABLE = YES;
				IPHONEOS_DEPLOYMENT_TARGET = 10.2;
				MTL_ENABLE_DEBUG_INFO = YES;
				ONLY_ACTIVE_ARCH = YES;
				SDKROOT = iphoneos;
				SWIFT_ACTIVE_COMPILATION_CONDITIONS = DEBUG;
				SWIFT_OPTIMIZATION_LEVEL = "-Onone";
				TARGETED_DEVICE_FAMILY = "1,2";
			};
			name = Debug;
		};
		F429C91425FA03BE002D456C /* Release */ = {
			isa = XCBuildConfiguration;
			buildSettings = {
				ALWAYS_SEARCH_USER_PATHS = NO;
				CLANG_ANALYZER_NONNULL = YES;
				CLANG_CXX_LANGUAGE_STANDARD = "gnu++0x";
				CLANG_CXX_LIBRARY = "libc++";
				CLANG_ENABLE_MODULES = YES;
				CLANG_ENABLE_OBJC_ARC = YES;
				CLANG_WARN_BOOL_CONVERSION = YES;
				CLANG_WARN_CONSTANT_CONVERSION = YES;
				CLANG_WARN_DIRECT_OBJC_ISA_USAGE = YES_ERROR;
				CLANG_WARN_DOCUMENTATION_COMMENTS = YES;
				CLANG_WARN_EMPTY_BODY = YES;
				CLANG_WARN_ENUM_CONVERSION = YES;
				CLANG_WARN_INFINITE_RECURSION = YES;
				CLANG_WARN_INT_CONVERSION = YES;
				CLANG_WARN_OBJC_ROOT_CLASS = YES_ERROR;
				CLANG_WARN_SUSPICIOUS_MOVE = YES;
				CLANG_WARN_UNREACHABLE_CODE = YES;
				CLANG_WARN__DUPLICATE_METHOD_MATCH = YES;
				"CODE_SIGN_IDENTITY[sdk=iphoneos*]" = "iPhone Developer";
				COPY_PHASE_STRIP = NO;
				DEBUG_INFORMATION_FORMAT = "dwarf-with-dsym";
				ENABLE_NS_ASSERTIONS = NO;
				ENABLE_STRICT_OBJC_MSGSEND = YES;
				GCC_C_LANGUAGE_STANDARD = gnu99;
				GCC_NO_COMMON_BLOCKS = YES;
				GCC_WARN_64_TO_32_BIT_CONVERSION = YES;
				GCC_WARN_ABOUT_RETURN_TYPE = YES_ERROR;
				GCC_WARN_UNDECLARED_SELECTOR = YES;
				GCC_WARN_UNINITIALIZED_AUTOS = YES_AGGRESSIVE;
				GCC_WARN_UNUSED_FUNCTION = YES;
				GCC_WARN_UNUSED_VARIABLE = YES;
				IPHONEOS_DEPLOYMENT_TARGET = 10.2;
				MTL_ENABLE_DEBUG_INFO = NO;
				SDKROOT = iphoneos;
				SWIFT_OPTIMIZATION_LEVEL = "-Owholemodule";
				TARGETED_DEVICE_FAMILY = "1,2";
				VALIDATE_PRODUCT = YES;
			};
			name = Release;
		};
		F429C91625FA03BE002D456C /* Debug */ = {
			isa = XCBuildConfiguration;
			buildSettings = {
				ASSETCATALOG_COMPILER_APPICON_NAME = AppIcon;
				INFOPLIST_FILE = tabbarProgramatically/Info.plist;
				LD_RUNPATH_SEARCH_PATHS = "$(inherited) @executable_path/Frameworks";
				PRODUCT_BUNDLE_IDENTIFIER = abc.tabbarProgramatically;
				PRODUCT_NAME = "$(TARGET_NAME)";
				SWIFT_VERSION = 3.0;
			};
			name = Debug;
		};
		F429C91725FA03BE002D456C /* Release */ = {
			isa = XCBuildConfiguration;
			buildSettings = {
				ASSETCATALOG_COMPILER_APPICON_NAME = AppIcon;
				INFOPLIST_FILE = tabbarProgramatically/Info.plist;
				LD_RUNPATH_SEARCH_PATHS = "$(inherited) @executable_path/Frameworks";
				PRODUCT_BUNDLE_IDENTIFIER = abc.tabbarProgramatically;
				PRODUCT_NAME = "$(TARGET_NAME)";
				SWIFT_VERSION = 3.0;
			};
			name = Release;
		};
/* End XCBuildConfiguration section */

/* Begin XCConfigurationList section */
		F429C8FE25FA03BE002D456C /* Build configuration list for PBXProject "tabbarProgramatically" */ = {
			isa = XCConfigurationList;
			buildConfigurations = (
				F429C91325FA03BE002D456C /* Debug */,
				F429C91425FA03BE002D456C /* Release */,
			);
			defaultConfigurationIsVisible = 0;
			defaultConfigurationName = Release;
		};
		F429C91525FA03BE002D456C /* Build configuration list for PBXNativeTarget "tabbarProgramatically" */ = {
			isa = XCConfigurationList;
			buildConfigurations = (
				F429C91625FA03BE002D456C /* Debug */,
				F429C91725FA03BE002D456C /* Release */,
			);
			defaultConfigurationIsVisible = 0;
		};
/* End XCConfigurationList section */
	};
	rootObject = F429C8FB25FA03BE002D456C /* Project object */;
}
